
Microsoft Visual Studio Solution File, Format Version 12.00
# Visual Studio Version 17
VisualStudioVersion = 17.3.32825.248
MinimumVisualStudioVersion = 10.0.40219.1
Project("{FAE04EC0-301F-11D3-BF4B-00C04F79EFBC}") = "Tamas_2022.09.13", "Tamas_2022.09.13\Tamas_2022.09.13.csproj", "{F67A2A53-1E01-4BDD-B510-1743B6D0532A}"
EndProject
Global
	GlobalSection(SolutionConfigurationPlatforms) = preSolution
		Debug|Any CPU = Debug|Any CPU
		Release|Any CPU = Release|Any CPU
	EndGlobalSection
	GlobalSection(ProjectConfigurationPlatforms) = postSolution
		{F67A2A53-1E01-4BDD-B510-1743B6D0532A}.Debug|Any CPU.ActiveCfg = Debug|Any CPU
		{F67A2A53-1E01-4BDD-B510-1743B6D0532A}.Debug|Any CPU.Build.0 = Debug|Any CPU
		{F67A2A53-1E01-4BDD-B510-1743B6D0532A}.Release|Any CPU.ActiveCfg = Release|Any CPU
		{F67A2A53-1E01-4BDD-B510-1743B6D0532A}.Release|Any CPU.Build.0 = Release|Any CPU
	EndGlobalSection
	GlobalSection(SolutionProperties) = preSolution
		HideSolutionNode = FALSE
	EndGlobalSection
	GlobalSection(ExtensibilityGlobals) = postSolution
		SolutionGuid = {70A4D8E7-C743-4325-B44B-188FD4BB2968}
	EndGlobalSection
EndGlobal
